
Microsoft Visual Studio Solution File, Format Version 12.00
# Visual Studio 15
Project("{FAE04EC0-301F-11D3-BF4B-00C04F79EFBC}") = "Assembly-CSharp", "Assembly-CSharp.csproj", "{B7FD76BD-B1C4-B6CF-5DCB-BE5F9CB5ACFC}"
EndProject
Project("{FAE04EC0-301F-11D3-BF4B-00C04F79EFBC}") = "CW.Common", "CW.Common.csproj", "{1BA788B7-99D5-4A90-01C2-A9628A938EB6}"
EndProject
Project("{FAE04EC0-301F-11D3-BF4B-00C04F79EFBC}") = "LeanCommon", "LeanCommon.csproj", "{D7F29DD2-DEE7-FB81-CEE4-20EBF0C1C942}"
EndProject
Project("{FAE04EC0-301F-11D3-BF4B-00C04F79EFBC}") = "LeanTouch", "LeanTouch.csproj", "{E28DE344-EFF1-3131-7A64-A1065B226091}"
EndProject
Project("{FAE04EC0-301F-11D3-BF4B-00C04F79EFBC}") = "Assembly-CSharp-Editor", "Assembly-CSharp-Editor.csproj", "{36A18B28-0013-BECA-ED1C-644227223310}"
EndProject
Project("{FAE04EC0-301F-11D3-BF4B-00C04F79EFBC}") = "EditorMigrationScripts", "EditorMigrationScripts.csproj", "{A1966CD9-5A2F-B39B-C746-601D5276C64A}"
EndProject
Global
	GlobalSection(SolutionConfigurationPlatforms) = preSolution
		Debug|Any CPU = Debug|Any CPU
		Release|Any CPU = Release|Any CPU
	EndGlobalSection
	GlobalSection(ProjectConfigurationPlatforms) = postSolution
		{B7FD76BD-B1C4-B6CF-5DCB-BE5F9CB5ACFC}.Debug|Any CPU.ActiveCfg = Debug|Any CPU
		{B7FD76BD-B1C4-B6CF-5DCB-BE5F9CB5ACFC}.Debug|Any CPU.Build.0 = Debug|Any CPU
		{B7FD76BD-B1C4-B6CF-5DCB-BE5F9CB5ACFC}.Release|Any CPU.ActiveCfg = Release|Any CPU
		{B7FD76BD-B1C4-B6CF-5DCB-BE5F9CB5ACFC}.Release|Any CPU.Build.0 = Release|Any CPU
		{1BA788B7-99D5-4A90-01C2-A9628A938EB6}.Debug|Any CPU.ActiveCfg = Debug|Any CPU
		{1BA788B7-99D5-4A90-01C2-A9628A938EB6}.Debug|Any CPU.Build.0 = Debug|Any CPU
		{1BA788B7-99D5-4A90-01C2-A9628A938EB6}.Release|Any CPU.ActiveCfg = Release|Any CPU
		{1BA788B7-99D5-4A90-01C2-A9628A938EB6}.Release|Any CPU.Build.0 = Release|Any CPU
		{D7F29DD2-DEE7-FB81-CEE4-20EBF0C1C942}.Debug|Any CPU.ActiveCfg = Debug|Any CPU
		{D7F29DD2-DEE7-FB81-CEE4-20EBF0C1C942}.Debug|Any CPU.Build.0 = Debug|Any CPU
		{D7F29DD2-DEE7-FB81-CEE4-20EBF0C1C942}.Release|Any CPU.ActiveCfg = Release|Any CPU
		{D7F29DD2-DEE7-FB81-CEE4-20EBF0C1C942}.Release|Any CPU.Build.0 = Release|Any CPU
		{E28DE344-EFF1-3131-7A64-A1065B226091}.Debug|Any CPU.ActiveCfg = Debug|Any CPU
		{E28DE344-EFF1-3131-7A64-A1065B226091}.Debug|Any CPU.Build.0 = Debug|Any CPU
		{E28DE344-EFF1-3131-7A64-A1065B226091}.Release|Any CPU.ActiveCfg = Release|Any CPU
		{E28DE344-EFF1-3131-7A64-A1065B226091}.Release|Any CPU.Build.0 = Release|Any CPU
		{36A18B28-0013-BECA-ED1C-644227223310}.Debug|Any CPU.ActiveCfg = Debug|Any CPU
		{36A18B28-0013-BECA-ED1C-644227223310}.Debug|Any CPU.Build.0 = Debug|Any CPU
		{36A18B28-0013-BECA-ED1C-644227223310}.Release|Any CPU.ActiveCfg = Release|Any CPU
		{36A18B28-0013-BECA-ED1C-644227223310}.Release|Any CPU.Build.0 = Release|Any CPU
		{A1966CD9-5A2F-B39B-C746-601D5276C64A}.Debug|Any CPU.ActiveCfg = Debug|Any CPU
		{A1966CD9-5A2F-B39B-C746-601D5276C64A}.Debug|Any CPU.Build.0 = Debug|Any CPU
		{A1966CD9-5A2F-B39B-C746-601D5276C64A}.Release|Any CPU.ActiveCfg = Release|Any CPU
		{A1966CD9-5A2F-B39B-C746-601D5276C64A}.Release|Any CPU.Build.0 = Release|Any CPU
	EndGlobalSection
	GlobalSection(SolutionProperties) = preSolution
		HideSolutionNode = FALSE
	EndGlobalSection
EndGlobal
